
Microsoft Visual Studio Solution File, Format Version 12.00
# Visual Studio 2012
Project("{FAE04EC0-301F-11D3-BF4B-00C04F79EFBC}") = "CallWall.Web.GoogleModule", "src\CallWall.Web.GoogleModule\CallWall.Web.GoogleModule.csproj", "{BE00BE07-F1C7-4998-B801-7FE1AB4D6B99}"
EndProject
Project("{FAE04EC0-301F-11D3-BF4B-00C04F79EFBC}") = "CallWall.WebHost", "src\CallWall.WebHost\CallWall.WebHost.csproj", "{86874738-479B-4ED8-AA29-4A4CD95DC6ED}"
EndProject
Project("{2150E333-8FDC-42A3-9474-1A3956D46DE8}") = "Solution Items", "Solution Items", "{AD29D73E-A2A3-4EE0-87DB-5BA8682DD411}"
	ProjectSection(SolutionItems) = preProject
		CallWall.Web.Google.build = CallWall.Web.Google.build
	EndProjectSection
EndProject
Project("{2150E333-8FDC-42A3-9474-1A3956D46DE8}") = ".nuget", ".nuget", "{316D67CC-C15E-4B55-9249-3E9685E1B70C}"
	ProjectSection(SolutionItems) = preProject
		.nuget\NuGet.Config = .nuget\NuGet.Config
		.nuget\NuGet.exe = .nuget\NuGet.exe
		.nuget\NuGet.targets = .nuget\NuGet.targets
	EndProjectSection
EndProject
Global
	GlobalSection(SolutionConfigurationPlatforms) = preSolution
		Debug|Any CPU = Debug|Any CPU
		Release|Any CPU = Release|Any CPU
	EndGlobalSection
	GlobalSection(ProjectConfigurationPlatforms) = postSolution
		{BE00BE07-F1C7-4998-B801-7FE1AB4D6B99}.Debug|Any CPU.ActiveCfg = Debug|Any CPU
		{BE00BE07-F1C7-4998-B801-7FE1AB4D6B99}.Debug|Any CPU.Build.0 = Debug|Any CPU
		{BE00BE07-F1C7-4998-B801-7FE1AB4D6B99}.Release|Any CPU.ActiveCfg = Release|Any CPU
		{BE00BE07-F1C7-4998-B801-7FE1AB4D6B99}.Release|Any CPU.Build.0 = Release|Any CPU
		{86874738-479B-4ED8-AA29-4A4CD95DC6ED}.Debug|Any CPU.ActiveCfg = Debug|Any CPU
		{86874738-479B-4ED8-AA29-4A4CD95DC6ED}.Debug|Any CPU.Build.0 = Debug|Any CPU
		{86874738-479B-4ED8-AA29-4A4CD95DC6ED}.Release|Any CPU.ActiveCfg = Release|Any CPU
		{86874738-479B-4ED8-AA29-4A4CD95DC6ED}.Release|Any CPU.Build.0 = Release|Any CPU
	EndGlobalSection
	GlobalSection(SolutionProperties) = preSolution
		HideSolutionNode = FALSE
	EndGlobalSection
EndGlobal
